// !$*UTF8*$!
{
	archiveVersion = 1;
	classes = {
	};
	objectVersion = 51;
	objects = {

/* Begin PBXBuildFile section */
		1933D4F7C19CFBD29E8EED4F /* Pods_aequilibrium_assessment_ios_aequilibrium_assessment_iosUITests.framework in Frameworks */ = {isa = PBXBuildFile; fileRef = 84915F451E6C40B72D37139F /* Pods_aequilibrium_assessment_ios_aequilibrium_assessment_iosUITests.framework */; };
		5CAE71E83A74B319C3188513 /* Pods_aequilibrium_assessment_iosTests.framework in Frameworks */ = {isa = PBXBuildFile; fileRef = D441A081AEDC1FB4705456EE /* Pods_aequilibrium_assessment_iosTests.framework */; };
		744F896F25CFCCC5008CC775 /* Exentions.swift in Sources */ = {isa = PBXBuildFile; fileRef = 744F896E25CFCCC5008CC775 /* Exentions.swift */; };
		746C917525CD1F430071AD46 /* AppDelegate.swift in Sources */ = {isa = PBXBuildFile; fileRef = 746C917425CD1F430071AD46 /* AppDelegate.swift */; };
		746C917925CD1F430071AD46 /* TransformersViewController.swift in Sources */ = {isa = PBXBuildFile; fileRef = 746C917825CD1F430071AD46 /* TransformersViewController.swift */; };
		746C917C25CD1F430071AD46 /* Main.storyboard in Resources */ = {isa = PBXBuildFile; fileRef = 746C917A25CD1F430071AD46 /* Main.storyboard */; };
		746C917E25CD1F480071AD46 /* Assets.xcassets in Resources */ = {isa = PBXBuildFile; fileRef = 746C917D25CD1F480071AD46 /* Assets.xcassets */; };
		746C918125CD1F480071AD46 /* LaunchScreen.storyboard in Resources */ = {isa = PBXBuildFile; fileRef = 746C917F25CD1F480071AD46 /* LaunchScreen.storyboard */; };
		746C918C25CD1F480071AD46 /* aequilibrium_assessment_iosTests.swift in Sources */ = {isa = PBXBuildFile; fileRef = 746C918B25CD1F480071AD46 /* aequilibrium_assessment_iosTests.swift */; };
		746C919725CD1F480071AD46 /* aequilibrium_assessment_iosUITests.swift in Sources */ = {isa = PBXBuildFile; fileRef = 746C919625CD1F480071AD46 /* aequilibrium_assessment_iosUITests.swift */; };
		746C91B325CD30BA0071AD46 /* Transformer.swift in Sources */ = {isa = PBXBuildFile; fileRef = 746C91B225CD30BA0071AD46 /* Transformer.swift */; };
		746C91BB25CD351D0071AD46 /* TransformerDetailViewController.swift in Sources */ = {isa = PBXBuildFile; fileRef = 746C91BA25CD351D0071AD46 /* TransformerDetailViewController.swift */; };
		746C91C125CD38720071AD46 /* Constants.swift in Sources */ = {isa = PBXBuildFile; fileRef = 746C91C025CD38720071AD46 /* Constants.swift */; };
		746C91CA25CD39AE0071AD46 /* NameTableViewCell.swift in Sources */ = {isa = PBXBuildFile; fileRef = 746C91C925CD39AE0071AD46 /* NameTableViewCell.swift */; };
		746C91D225CD39E90071AD46 /* AttributeTableViewCell.swift in Sources */ = {isa = PBXBuildFile; fileRef = 746C91D125CD39E90071AD46 /* AttributeTableViewCell.swift */; };
		746C91D725CD3A100071AD46 /* TeamTableViewCell.swift in Sources */ = {isa = PBXBuildFile; fileRef = 746C91D625CD3A100071AD46 /* TeamTableViewCell.swift */; };
		746C91DF25CD5B910071AD46 /* BaseTableViewCellViewModel.swift in Sources */ = {isa = PBXBuildFile; fileRef = 746C91DE25CD5B910071AD46 /* BaseTableViewCellViewModel.swift */; };
		746C91E425CD5BDA0071AD46 /* HeaderTableViewCell.swift in Sources */ = {isa = PBXBuildFile; fileRef = 746C91E325CD5BDA0071AD46 /* HeaderTableViewCell.swift */; };
		746C91F025CD5D870071AD46 /* NameTableViewCellViewModel.swift in Sources */ = {isa = PBXBuildFile; fileRef = 746C91EF25CD5D870071AD46 /* NameTableViewCellViewModel.swift */; };
		746C91F525CD5D930071AD46 /* AttributeTableViewCellViewModel.swift in Sources */ = {isa = PBXBuildFile; fileRef = 746C91F425CD5D930071AD46 /* AttributeTableViewCellViewModel.swift */; };
		746C91FA25CD5D9F0071AD46 /* TeamTableViewCellViewModel.swift in Sources */ = {isa = PBXBuildFile; fileRef = 746C91F925CD5D9F0071AD46 /* TeamTableViewCellViewModel.swift */; };
		746C91FF25CD99080071AD46 /* SubmitTableViewCell.swift in Sources */ = {isa = PBXBuildFile; fileRef = 746C91FE25CD99080071AD46 /* SubmitTableViewCell.swift */; };
		746C920525CDAC800071AD46 /* API Manager.swift in Sources */ = {isa = PBXBuildFile; fileRef = 746C920425CDAC800071AD46 /* API Manager.swift */; };
		746C921825CDB31F0071AD46 /* Local Storage Manager.swift in Sources */ = {isa = PBXBuildFile; fileRef = 746C921725CDB31F0071AD46 /* Local Storage Manager.swift */; };
		746DA38925D0296D006E2ED2 /* HeaderTableViewCellViewModel.swift in Sources */ = {isa = PBXBuildFile; fileRef = 746DA38825D0296D006E2ED2 /* HeaderTableViewCellViewModel.swift */; };
		746DA3A925D13575006E2ED2 /* FightTests.swift in Sources */ = {isa = PBXBuildFile; fileRef = 746DA3A825D13575006E2ED2 /* FightTests.swift */; };
		749A67E525D2D3B300F8646C /* BaseViewController.swift in Sources */ = {isa = PBXBuildFile; fileRef = 749A67E425D2D3B300F8646C /* BaseViewController.swift */; };
		749B10E525CE8FD9002B47AE /* TransformerTableViewCell.swift in Sources */ = {isa = PBXBuildFile; fileRef = 749B10E425CE8FD9002B47AE /* TransformerTableViewCell.swift */; };
		749B10EA25CE8FEA002B47AE /* TransformerTableViewCellViewModel.swift in Sources */ = {isa = PBXBuildFile; fileRef = 749B10E925CE8FEA002B47AE /* TransformerTableViewCellViewModel.swift */; };
		749B10FF25CF17CA002B47AE /* FightViewController.swift in Sources */ = {isa = PBXBuildFile; fileRef = 749B10FE25CF17CA002B47AE /* FightViewController.swift */; };
		74EE91C425CFD87A00FCF91F /* Fight.swift in Sources */ = {isa = PBXBuildFile; fileRef = 74EE91C325CFD87A00FCF91F /* Fight.swift */; };
		F7395C712AF845C09777AAC7 /* Pods_aequilibrium_assessment_ios.framework in Frameworks */ = {isa = PBXBuildFile; fileRef = 08F91C17A67829FF13A3A321 /* Pods_aequilibrium_assessment_ios.framework */; };
/* End PBXBuildFile section */

/* Begin PBXContainerItemProxy section */
		746C918825CD1F480071AD46 /* PBXContainerItemProxy */ = {
			isa = PBXContainerItemProxy;
			containerPortal = 746C916925CD1F430071AD46 /* Project object */;
			proxyType = 1;
			remoteGlobalIDString = 746C917025CD1F430071AD46;
			remoteInfo = "aequilibrium-assessment-ios";
		};
		746C919325CD1F480071AD46 /* PBXContainerItemProxy */ = {
			isa = PBXContainerItemProxy;
			containerPortal = 746C916925CD1F430071AD46 /* Project object */;
			proxyType = 1;
			remoteGlobalIDString = 746C917025CD1F430071AD46;
			remoteInfo = "aequilibrium-assessment-ios";
		};
		746DA3AB25D13575006E2ED2 /* PBXContainerItemProxy */ = {
			isa = PBXContainerItemProxy;
			containerPortal = 746C916925CD1F430071AD46 /* Project object */;
			proxyType = 1;
			remoteGlobalIDString = 746C917025CD1F430071AD46;
			remoteInfo = "aequilibrium-assessment-ios";
		};
/* End PBXContainerItemProxy section */

/* Begin PBXFileReference section */
		08F91C17A67829FF13A3A321 /* Pods_aequilibrium_assessment_ios.framework */ = {isa = PBXFileReference; explicitFileType = wrapper.framework; includeInIndex = 0; path = Pods_aequilibrium_assessment_ios.framework; sourceTree = BUILT_PRODUCTS_DIR; };
		2E9375BD54DE832534A5816D /* Pods-aequilibrium-assessment-ios-aequilibrium-assessment-iosUITests.release.xcconfig */ = {isa = PBXFileReference; includeInIndex = 1; lastKnownFileType = text.xcconfig; name = "Pods-aequilibrium-assessment-ios-aequilibrium-assessment-iosUITests.release.xcconfig"; path = "Target Support Files/Pods-aequilibrium-assessment-ios-aequilibrium-assessment-iosUITests/Pods-aequilibrium-assessment-ios-aequilibrium-assessment-iosUITests.release.xcconfig"; sourceTree = "<group>"; };
		3E75B0A87C7445F8FE129107 /* Pods-aequilibrium-assessment-iosTests.debug.xcconfig */ = {isa = PBXFileReference; includeInIndex = 1; lastKnownFileType = text.xcconfig; name = "Pods-aequilibrium-assessment-iosTests.debug.xcconfig"; path = "Target Support Files/Pods-aequilibrium-assessment-iosTests/Pods-aequilibrium-assessment-iosTests.debug.xcconfig"; sourceTree = "<group>"; };
		4B1CA0054F56FB1B4974BB1F /* Pods-aequilibrium-assessment-ios.debug.xcconfig */ = {isa = PBXFileReference; includeInIndex = 1; lastKnownFileType = text.xcconfig; name = "Pods-aequilibrium-assessment-ios.debug.xcconfig"; path = "Target Support Files/Pods-aequilibrium-assessment-ios/Pods-aequilibrium-assessment-ios.debug.xcconfig"; sourceTree = "<group>"; };
		4DD2DD7053F41F223CA1CBB8 /* Pods-aequilibrium-assessment-iosTests.release.xcconfig */ = {isa = PBXFileReference; includeInIndex = 1; lastKnownFileType = text.xcconfig; name = "Pods-aequilibrium-assessment-iosTests.release.xcconfig"; path = "Target Support Files/Pods-aequilibrium-assessment-iosTests/Pods-aequilibrium-assessment-iosTests.release.xcconfig"; sourceTree = "<group>"; };
		7296A432AAE3E49E18CA2A96 /* Pods-aequilibrium-assessment-ios.release.xcconfig */ = {isa = PBXFileReference; includeInIndex = 1; lastKnownFileType = text.xcconfig; name = "Pods-aequilibrium-assessment-ios.release.xcconfig"; path = "Target Support Files/Pods-aequilibrium-assessment-ios/Pods-aequilibrium-assessment-ios.release.xcconfig"; sourceTree = "<group>"; };
		744F896E25CFCCC5008CC775 /* Exentions.swift */ = {isa = PBXFileReference; lastKnownFileType = sourcecode.swift; path = Exentions.swift; sourceTree = "<group>"; };
		746C917125CD1F430071AD46 /* aequilibrium-assessment-ios.app */ = {isa = PBXFileReference; explicitFileType = wrapper.application; includeInIndex = 0; path = "aequilibrium-assessment-ios.app"; sourceTree = BUILT_PRODUCTS_DIR; };
		746C917425CD1F430071AD46 /* AppDelegate.swift */ = {isa = PBXFileReference; lastKnownFileType = sourcecode.swift; path = AppDelegate.swift; sourceTree = "<group>"; };
		746C917825CD1F430071AD46 /* TransformersViewController.swift */ = {isa = PBXFileReference; lastKnownFileType = sourcecode.swift; path = TransformersViewController.swift; sourceTree = "<group>"; };
		746C917B25CD1F430071AD46 /* Base */ = {isa = PBXFileReference; lastKnownFileType = file.storyboard; name = Base; path = Base.lproj/Main.storyboard; sourceTree = "<group>"; };
		746C917D25CD1F480071AD46 /* Assets.xcassets */ = {isa = PBXFileReference; lastKnownFileType = folder.assetcatalog; path = Assets.xcassets; sourceTree = "<group>"; };
		746C918025CD1F480071AD46 /* Base */ = {isa = PBXFileReference; lastKnownFileType = file.storyboard; name = Base; path = Base.lproj/LaunchScreen.storyboard; sourceTree = "<group>"; };
		746C918225CD1F480071AD46 /* Info.plist */ = {isa = PBXFileReference; lastKnownFileType = text.plist.xml; path = Info.plist; sourceTree = "<group>"; };
		746C918725CD1F480071AD46 /* aequilibrium-assessment-iosTests.xctest */ = {isa = PBXFileReference; explicitFileType = wrapper.cfbundle; includeInIndex = 0; path = "aequilibrium-assessment-iosTests.xctest"; sourceTree = BUILT_PRODUCTS_DIR; };
		746C918B25CD1F480071AD46 /* aequilibrium_assessment_iosTests.swift */ = {isa = PBXFileReference; lastKnownFileType = sourcecode.swift; path = aequilibrium_assessment_iosTests.swift; sourceTree = "<group>"; };
		746C918D25CD1F480071AD46 /* Info.plist */ = {isa = PBXFileReference; lastKnownFileType = text.plist.xml; path = Info.plist; sourceTree = "<group>"; };
		746C919225CD1F480071AD46 /* aequilibrium-assessment-iosUITests.xctest */ = {isa = PBXFileReference; explicitFileType = wrapper.cfbundle; includeInIndex = 0; path = "aequilibrium-assessment-iosUITests.xctest"; sourceTree = BUILT_PRODUCTS_DIR; };
		746C919625CD1F480071AD46 /* aequilibrium_assessment_iosUITests.swift */ = {isa = PBXFileReference; lastKnownFileType = sourcecode.swift; path = aequilibrium_assessment_iosUITests.swift; sourceTree = "<group>"; };
		746C919825CD1F480071AD46 /* Info.plist */ = {isa = PBXFileReference; lastKnownFileType = text.plist.xml; path = Info.plist; sourceTree = "<group>"; };
		746C91B225CD30BA0071AD46 /* Transformer.swift */ = {isa = PBXFileReference; lastKnownFileType = sourcecode.swift; path = Transformer.swift; sourceTree = "<group>"; };
		746C91BA25CD351D0071AD46 /* TransformerDetailViewController.swift */ = {isa = PBXFileReference; lastKnownFileType = sourcecode.swift; path = TransformerDetailViewController.swift; sourceTree = "<group>"; };
		746C91C025CD38720071AD46 /* Constants.swift */ = {isa = PBXFileReference; lastKnownFileType = sourcecode.swift; path = Constants.swift; sourceTree = "<group>"; };
		746C91C925CD39AE0071AD46 /* NameTableViewCell.swift */ = {isa = PBXFileReference; lastKnownFileType = sourcecode.swift; path = NameTableViewCell.swift; sourceTree = "<group>"; };
		746C91D125CD39E90071AD46 /* AttributeTableViewCell.swift */ = {isa = PBXFileReference; lastKnownFileType = sourcecode.swift; path = AttributeTableViewCell.swift; sourceTree = "<group>"; };
		746C91D625CD3A100071AD46 /* TeamTableViewCell.swift */ = {isa = PBXFileReference; lastKnownFileType = sourcecode.swift; path = TeamTableViewCell.swift; sourceTree = "<group>"; };
		746C91DE25CD5B910071AD46 /* BaseTableViewCellViewModel.swift */ = {isa = PBXFileReference; lastKnownFileType = sourcecode.swift; path = BaseTableViewCellViewModel.swift; sourceTree = "<group>"; };
		746C91E325CD5BDA0071AD46 /* HeaderTableViewCell.swift */ = {isa = PBXFileReference; lastKnownFileType = sourcecode.swift; path = HeaderTableViewCell.swift; sourceTree = "<group>"; };
		746C91EF25CD5D870071AD46 /* NameTableViewCellViewModel.swift */ = {isa = PBXFileReference; lastKnownFileType = sourcecode.swift; path = NameTableViewCellViewModel.swift; sourceTree = "<group>"; };
		746C91F425CD5D930071AD46 /* AttributeTableViewCellViewModel.swift */ = {isa = PBXFileReference; lastKnownFileType = sourcecode.swift; path = AttributeTableViewCellViewModel.swift; sourceTree = "<group>"; };
		746C91F925CD5D9F0071AD46 /* TeamTableViewCellViewModel.swift */ = {isa = PBXFileReference; lastKnownFileType = sourcecode.swift; path = TeamTableViewCellViewModel.swift; sourceTree = "<group>"; };
		746C91FE25CD99080071AD46 /* SubmitTableViewCell.swift */ = {isa = PBXFileReference; lastKnownFileType = sourcecode.swift; path = SubmitTableViewCell.swift; sourceTree = "<group>"; };
		746C920425CDAC800071AD46 /* API Manager.swift */ = {isa = PBXFileReference; lastKnownFileType = sourcecode.swift; path = "API Manager.swift"; sourceTree = "<group>"; };
		746C921725CDB31F0071AD46 /* Local Storage Manager.swift */ = {isa = PBXFileReference; lastKnownFileType = sourcecode.swift; path = "Local Storage Manager.swift"; sourceTree = "<group>"; };
		746DA38825D0296D006E2ED2 /* HeaderTableViewCellViewModel.swift */ = {isa = PBXFileReference; lastKnownFileType = sourcecode.swift; path = HeaderTableViewCellViewModel.swift; sourceTree = "<group>"; };
		746DA3A625D13575006E2ED2 /* FightTests.xctest */ = {isa = PBXFileReference; explicitFileType = wrapper.cfbundle; includeInIndex = 0; path = FightTests.xctest; sourceTree = BUILT_PRODUCTS_DIR; };
		746DA3A825D13575006E2ED2 /* FightTests.swift */ = {isa = PBXFileReference; lastKnownFileType = sourcecode.swift; path = FightTests.swift; sourceTree = "<group>"; };
		746DA3AA25D13575006E2ED2 /* Info.plist */ = {isa = PBXFileReference; lastKnownFileType = text.plist.xml; path = Info.plist; sourceTree = "<group>"; };
		749A67E425D2D3B300F8646C /* BaseViewController.swift */ = {isa = PBXFileReference; lastKnownFileType = sourcecode.swift; path = BaseViewController.swift; sourceTree = "<group>"; };
		749B10E425CE8FD9002B47AE /* TransformerTableViewCell.swift */ = {isa = PBXFileReference; lastKnownFileType = sourcecode.swift; path = TransformerTableViewCell.swift; sourceTree = "<group>"; };
		749B10E925CE8FEA002B47AE /* TransformerTableViewCellViewModel.swift */ = {isa = PBXFileReference; lastKnownFileType = sourcecode.swift; path = TransformerTableViewCellViewModel.swift; sourceTree = "<group>"; };
		749B10FE25CF17CA002B47AE /* FightViewController.swift */ = {isa = PBXFileReference; lastKnownFileType = sourcecode.swift; path = FightViewController.swift; sourceTree = "<group>"; };
		74EE91C325CFD87A00FCF91F /* Fight.swift */ = {isa = PBXFileReference; lastKnownFileType = sourcecode.swift; path = Fight.swift; sourceTree = "<group>"; };
		84915F451E6C40B72D37139F /* Pods_aequilibrium_assessment_ios_aequilibrium_assessment_iosUITests.framework */ = {isa = PBXFileReference; explicitFileType = wrapper.framework; includeInIndex = 0; path = Pods_aequilibrium_assessment_ios_aequilibrium_assessment_iosUITests.framework; sourceTree = BUILT_PRODUCTS_DIR; };
		A23F101C3BF744A4AEE46BF9 /* Pods-aequilibrium-assessment-ios-aequilibrium-assessment-iosUITests.debug.xcconfig */ = {isa = PBXFileReference; includeInIndex = 1; lastKnownFileType = text.xcconfig; name = "Pods-aequilibrium-assessment-ios-aequilibrium-assessment-iosUITests.debug.xcconfig"; path = "Target Support Files/Pods-aequilibrium-assessment-ios-aequilibrium-assessment-iosUITests/Pods-aequilibrium-assessment-ios-aequilibrium-assessment-iosUITests.debug.xcconfig"; sourceTree = "<group>"; };
		D441A081AEDC1FB4705456EE /* Pods_aequilibrium_assessment_iosTests.framework */ = {isa = PBXFileReference; explicitFileType = wrapper.framework; includeInIndex = 0; path = Pods_aequilibrium_assessment_iosTests.framework; sourceTree = BUILT_PRODUCTS_DIR; };
/* End PBXFileReference section */

/* Begin PBXFrameworksBuildPhase section */
		746C916E25CD1F430071AD46 /* Frameworks */ = {
			isa = PBXFrameworksBuildPhase;
			buildActionMask = 2147483647;
			files = (
				F7395C712AF845C09777AAC7 /* Pods_aequilibrium_assessment_ios.framework in Frameworks */,
			);
			runOnlyForDeploymentPostprocessing = 0;
		};
		746C918425CD1F480071AD46 /* Frameworks */ = {
			isa = PBXFrameworksBuildPhase;
			buildActionMask = 2147483647;
			files = (
				5CAE71E83A74B319C3188513 /* Pods_aequilibrium_assessment_iosTests.framework in Frameworks */,
			);
			runOnlyForDeploymentPostprocessing = 0;
		};
		746C918F25CD1F480071AD46 /* Frameworks */ = {
			isa = PBXFrameworksBuildPhase;
			buildActionMask = 2147483647;
			files = (
				1933D4F7C19CFBD29E8EED4F /* Pods_aequilibrium_assessment_ios_aequilibrium_assessment_iosUITests.framework in Frameworks */,
			);
			runOnlyForDeploymentPostprocessing = 0;
		};
		746DA3A325D13575006E2ED2 /* Frameworks */ = {
			isa = PBXFrameworksBuildPhase;
			buildActionMask = 2147483647;
			files = (
			);
			runOnlyForDeploymentPostprocessing = 0;
		};
/* End PBXFrameworksBuildPhase section */

/* Begin PBXGroup section */
		2EA56E022DC1D5FAA98FA97D /* Frameworks */ = {
			isa = PBXGroup;
			children = (
				08F91C17A67829FF13A3A321 /* Pods_aequilibrium_assessment_ios.framework */,
				84915F451E6C40B72D37139F /* Pods_aequilibrium_assessment_ios_aequilibrium_assessment_iosUITests.framework */,
				D441A081AEDC1FB4705456EE /* Pods_aequilibrium_assessment_iosTests.framework */,
			);
			name = Frameworks;
			sourceTree = "<group>";
		};
		746C916825CD1F430071AD46 = {
			isa = PBXGroup;
			children = (
				746C917325CD1F430071AD46 /* aequilibrium-assessment-ios */,
				746C918A25CD1F480071AD46 /* aequilibrium-assessment-iosTests */,
				746C919525CD1F480071AD46 /* aequilibrium-assessment-iosUITests */,
				746DA3A725D13575006E2ED2 /* FightTests */,
				746C917225CD1F430071AD46 /* Products */,
				E484F17218C80DF975635362 /* Pods */,
				2EA56E022DC1D5FAA98FA97D /* Frameworks */,
			);
			sourceTree = "<group>";
		};
		746C917225CD1F430071AD46 /* Products */ = {
			isa = PBXGroup;
			children = (
				746C917125CD1F430071AD46 /* aequilibrium-assessment-ios.app */,
				746C918725CD1F480071AD46 /* aequilibrium-assessment-iosTests.xctest */,
				746C919225CD1F480071AD46 /* aequilibrium-assessment-iosUITests.xctest */,
				746DA3A625D13575006E2ED2 /* FightTests.xctest */,
			);
			name = Products;
			sourceTree = "<group>";
		};
		746C917325CD1F430071AD46 /* aequilibrium-assessment-ios */ = {
			isa = PBXGroup;
			children = (
				746DA3B525D1C75D006E2ED2 /* View Controllers */,
				746C921625CDB3100071AD46 /* Storage */,
				746C920325CDAC6E0071AD46 /* Network */,
				746C91E825CD5D1E0071AD46 /* ViewModels */,
				746C91C825CD39890071AD46 /* Views */,
				746C91BF25CD38610071AD46 /* Resources */,
				746C91B125CD30960071AD46 /* Models */,
				746C918225CD1F480071AD46 /* Info.plist */,
			);
			path = "aequilibrium-assessment-ios";
			sourceTree = "<group>";
		};
		746C918A25CD1F480071AD46 /* aequilibrium-assessment-iosTests */ = {
			isa = PBXGroup;
			children = (
				746C918B25CD1F480071AD46 /* aequilibrium_assessment_iosTests.swift */,
				746C918D25CD1F480071AD46 /* Info.plist */,
			);
			path = "aequilibrium-assessment-iosTests";
			sourceTree = "<group>";
		};
		746C919525CD1F480071AD46 /* aequilibrium-assessment-iosUITests */ = {
			isa = PBXGroup;
			children = (
				746C919625CD1F480071AD46 /* aequilibrium_assessment_iosUITests.swift */,
				746C919825CD1F480071AD46 /* Info.plist */,
			);
			path = "aequilibrium-assessment-iosUITests";
			sourceTree = "<group>";
		};
		746C91B125CD30960071AD46 /* Models */ = {
			isa = PBXGroup;
			children = (
				746C91B225CD30BA0071AD46 /* Transformer.swift */,
				74EE91C325CFD87A00FCF91F /* Fight.swift */,
			);
			path = Models;
			sourceTree = "<group>";
		};
		746C91BF25CD38610071AD46 /* Resources */ = {
			isa = PBXGroup;
			children = (
				746C917425CD1F430071AD46 /* AppDelegate.swift */,
				746C91C025CD38720071AD46 /* Constants.swift */,
				744F896E25CFCCC5008CC775 /* Exentions.swift */,
			);
			path = Resources;
			sourceTree = "<group>";
		};
		746C91C825CD39890071AD46 /* Views */ = {
			isa = PBXGroup;
			children = (
				746C917A25CD1F430071AD46 /* Main.storyboard */,
				746C917D25CD1F480071AD46 /* Assets.xcassets */,
				746C917F25CD1F480071AD46 /* LaunchScreen.storyboard */,
				746DA3B425D1C72E006E2ED2 /* TableViewCells */,
			);
			path = Views;
			sourceTree = "<group>";
		};
		746C91E825CD5D1E0071AD46 /* ViewModels */ = {
			isa = PBXGroup;
			children = (
				746C91DE25CD5B910071AD46 /* BaseTableViewCellViewModel.swift */,
				746C91EF25CD5D870071AD46 /* NameTableViewCellViewModel.swift */,
				746C91F425CD5D930071AD46 /* AttributeTableViewCellViewModel.swift */,
				746C91F925CD5D9F0071AD46 /* TeamTableViewCellViewModel.swift */,
				749B10E925CE8FEA002B47AE /* TransformerTableViewCellViewModel.swift */,
				746DA38825D0296D006E2ED2 /* HeaderTableViewCellViewModel.swift */,
			);
			path = ViewModels;
			sourceTree = "<group>";
		};
		746C920325CDAC6E0071AD46 /* Network */ = {
			isa = PBXGroup;
			children = (
				746C920425CDAC800071AD46 /* API Manager.swift */,
			);
			path = Network;
			sourceTree = "<group>";
		};
		746C921625CDB3100071AD46 /* Storage */ = {
			isa = PBXGroup;
			children = (
				746C921725CDB31F0071AD46 /* Local Storage Manager.swift */,
			);
			path = Storage;
			sourceTree = "<group>";
		};
		746DA3A725D13575006E2ED2 /* FightTests */ = {
			isa = PBXGroup;
			children = (
				746DA3A825D13575006E2ED2 /* FightTests.swift */,
				746DA3AA25D13575006E2ED2 /* Info.plist */,
			);
			path = FightTests;
			sourceTree = "<group>";
		};
		746DA3B425D1C72E006E2ED2 /* TableViewCells */ = {
			isa = PBXGroup;
			children = (
				746C91C925CD39AE0071AD46 /* NameTableViewCell.swift */,
				746C91D125CD39E90071AD46 /* AttributeTableViewCell.swift */,
				746C91D625CD3A100071AD46 /* TeamTableViewCell.swift */,
				746C91E325CD5BDA0071AD46 /* HeaderTableViewCell.swift */,
				746C91FE25CD99080071AD46 /* SubmitTableViewCell.swift */,
				749B10E425CE8FD9002B47AE /* TransformerTableViewCell.swift */,
			);
			path = TableViewCells;
			sourceTree = "<group>";
		};
		746DA3B525D1C75D006E2ED2 /* View Controllers */ = {
			isa = PBXGroup;
			children = (
				746C917825CD1F430071AD46 /* TransformersViewController.swift */,
				746C91BA25CD351D0071AD46 /* TransformerDetailViewController.swift */,
				749B10FE25CF17CA002B47AE /* FightViewController.swift */,
				749A67E425D2D3B300F8646C /* BaseViewController.swift */,
			);
			path = "View Controllers";
			sourceTree = "<group>";
		};
		E484F17218C80DF975635362 /* Pods */ = {
			isa = PBXGroup;
			children = (
				4B1CA0054F56FB1B4974BB1F /* Pods-aequilibrium-assessment-ios.debug.xcconfig */,
				7296A432AAE3E49E18CA2A96 /* Pods-aequilibrium-assessment-ios.release.xcconfig */,
				A23F101C3BF744A4AEE46BF9 /* Pods-aequilibrium-assessment-ios-aequilibrium-assessment-iosUITests.debug.xcconfig */,
				2E9375BD54DE832534A5816D /* Pods-aequilibrium-assessment-ios-aequilibrium-assessment-iosUITests.release.xcconfig */,
				3E75B0A87C7445F8FE129107 /* Pods-aequilibrium-assessment-iosTests.debug.xcconfig */,
				4DD2DD7053F41F223CA1CBB8 /* Pods-aequilibrium-assessment-iosTests.release.xcconfig */,
			);
			path = Pods;
			sourceTree = "<group>";
		};
/* End PBXGroup section */

/* Begin PBXNativeTarget section */
		746C917025CD1F430071AD46 /* aequilibrium-assessment-ios */ = {
			isa = PBXNativeTarget;
			buildConfigurationList = 746C919B25CD1F480071AD46 /* Build configuration list for PBXNativeTarget "aequilibrium-assessment-ios" */;
			buildPhases = (
				69E5B8FDE9D63A33DC50DFD3 /* [CP] Check Pods Manifest.lock */,
				746C916D25CD1F430071AD46 /* Sources */,
				746C916E25CD1F430071AD46 /* Frameworks */,
				746C916F25CD1F430071AD46 /* Resources */,
				ECD676F088DC280A69758393 /* [CP] Embed Pods Frameworks */,
			);
			buildRules = (
			);
			dependencies = (
			);
			name = "aequilibrium-assessment-ios";
			productName = "aequilibrium-assessment-ios";
			productReference = 746C917125CD1F430071AD46 /* aequilibrium-assessment-ios.app */;
			productType = "com.apple.product-type.application";
		};
		746C918625CD1F480071AD46 /* aequilibrium-assessment-iosTests */ = {
			isa = PBXNativeTarget;
			buildConfigurationList = 746C919E25CD1F480071AD46 /* Build configuration list for PBXNativeTarget "aequilibrium-assessment-iosTests" */;
			buildPhases = (
				334923FA456E93F8D273C2BB /* [CP] Check Pods Manifest.lock */,
				746C918325CD1F480071AD46 /* Sources */,
				746C918425CD1F480071AD46 /* Frameworks */,
				746C918525CD1F480071AD46 /* Resources */,
			);
			buildRules = (
			);
			dependencies = (
				746C918925CD1F480071AD46 /* PBXTargetDependency */,
			);
			name = "aequilibrium-assessment-iosTests";
			productName = "aequilibrium-assessment-iosTests";
			productReference = 746C918725CD1F480071AD46 /* aequilibrium-assessment-iosTests.xctest */;
			productType = "com.apple.product-type.bundle.unit-test";
		};
		746C919125CD1F480071AD46 /* aequilibrium-assessment-iosUITests */ = {
			isa = PBXNativeTarget;
			buildConfigurationList = 746C91A125CD1F480071AD46 /* Build configuration list for PBXNativeTarget "aequilibrium-assessment-iosUITests" */;
			buildPhases = (
				373F63B17EEF362E806FC2CA /* [CP] Check Pods Manifest.lock */,
				746C918E25CD1F480071AD46 /* Sources */,
				746C918F25CD1F480071AD46 /* Frameworks */,
				746C919025CD1F480071AD46 /* Resources */,
				A8082DA311B88A0157916C1C /* [CP] Embed Pods Frameworks */,
			);
			buildRules = (
			);
			dependencies = (
				746C919425CD1F480071AD46 /* PBXTargetDependency */,
			);
			name = "aequilibrium-assessment-iosUITests";
			productName = "aequilibrium-assessment-iosUITests";
			productReference = 746C919225CD1F480071AD46 /* aequilibrium-assessment-iosUITests.xctest */;
			productType = "com.apple.product-type.bundle.ui-testing";
		};
		746DA3A525D13575006E2ED2 /* FightTests */ = {
			isa = PBXNativeTarget;
			buildConfigurationList = 746DA3AD25D13575006E2ED2 /* Build configuration list for PBXNativeTarget "FightTests" */;
			buildPhases = (
				746DA3A225D13575006E2ED2 /* Sources */,
				746DA3A325D13575006E2ED2 /* Frameworks */,
				746DA3A425D13575006E2ED2 /* Resources */,
			);
			buildRules = (
			);
			dependencies = (
				746DA3AC25D13575006E2ED2 /* PBXTargetDependency */,
			);
			name = FightTests;
			productName = FightTests;
			productReference = 746DA3A625D13575006E2ED2 /* FightTests.xctest */;
			productType = "com.apple.product-type.bundle.unit-test";
		};
/* End PBXNativeTarget section */

/* Begin PBXProject section */
		746C916925CD1F430071AD46 /* Project object */ = {
			isa = PBXProject;
			attributes = {
				LastSwiftUpdateCheck = 1240;
				LastUpgradeCheck = 1240;
				TargetAttributes = {
					746C917025CD1F430071AD46 = {
						CreatedOnToolsVersion = 12.4;
					};
					746C918625CD1F480071AD46 = {
						CreatedOnToolsVersion = 12.4;
						TestTargetID = 746C917025CD1F430071AD46;
					};
					746C919125CD1F480071AD46 = {
						CreatedOnToolsVersion = 12.4;
						TestTargetID = 746C917025CD1F430071AD46;
					};
					746DA3A525D13575006E2ED2 = {
						CreatedOnToolsVersion = 12.4;
						TestTargetID = 746C917025CD1F430071AD46;
					};
				};
			};
			buildConfigurationList = 746C916C25CD1F430071AD46 /* Build configuration list for PBXProject "aequilibrium-assessment-ios" */;
			compatibilityVersion = "Xcode 9.3";
			developmentRegion = en;
			hasScannedForEncodings = 0;
			knownRegions = (
				en,
				Base,
			);
			mainGroup = 746C916825CD1F430071AD46;
			productRefGroup = 746C917225CD1F430071AD46 /* Products */;
			projectDirPath = "";
			projectRoot = "";
			targets = (
				746C917025CD1F430071AD46 /* aequilibrium-assessment-ios */,
				746C918625CD1F480071AD46 /* aequilibrium-assessment-iosTests */,
				746C919125CD1F480071AD46 /* aequilibrium-assessment-iosUITests */,
				746DA3A525D13575006E2ED2 /* FightTests */,
			);
		};
/* End PBXProject section */

/* Begin PBXResourcesBuildPhase section */
		746C916F25CD1F430071AD46 /* Resources */ = {
			isa = PBXResourcesBuildPhase;
			buildActionMask = 2147483647;
			files = (
				746C918125CD1F480071AD46 /* LaunchScreen.storyboard in Resources */,
				746C917E25CD1F480071AD46 /* Assets.xcassets in Resources */,
				746C917C25CD1F430071AD46 /* Main.storyboard in Resources */,
			);
			runOnlyForDeploymentPostprocessing = 0;
		};
		746C918525CD1F480071AD46 /* Resources */ = {
			isa = PBXResourcesBuildPhase;
			buildActionMask = 2147483647;
			files = (
			);
			runOnlyForDeploymentPostprocessing = 0;
		};
		746C919025CD1F480071AD46 /* Resources */ = {
			isa = PBXResourcesBuildPhase;
			buildActionMask = 2147483647;
			files = (
			);
			runOnlyForDeploymentPostprocessing = 0;
		};
		746DA3A425D13575006E2ED2 /* Resources */ = {
			isa = PBXResourcesBuildPhase;
			buildActionMask = 2147483647;
			files = (
			);
			runOnlyForDeploymentPostprocessing = 0;
		};
/* End PBXResourcesBuildPhase section */

/* Begin PBXShellScriptBuildPhase section */
		334923FA456E93F8D273C2BB /* [CP] Check Pods Manifest.lock */ = {
			isa = PBXShellScriptBuildPhase;
			buildActionMask = 2147483647;
			files = (
			);
			inputFileListPaths = (
			);
			inputPaths = (
				"${PODS_PODFILE_DIR_PATH}/Podfile.lock",
				"${PODS_ROOT}/Manifest.lock",
			);
			name = "[CP] Check Pods Manifest.lock";
			outputFileListPaths = (
			);
			outputPaths = (
				"$(DERIVED_FILE_DIR)/Pods-aequilibrium-assessment-iosTests-checkManifestLockResult.txt",
			);
			runOnlyForDeploymentPostprocessing = 0;
			shellPath = /bin/sh;
			shellScript = "diff \"${PODS_PODFILE_DIR_PATH}/Podfile.lock\" \"${PODS_ROOT}/Manifest.lock\" > /dev/null\nif [ $? != 0 ] ; then\n    # print error to STDERR\n    echo \"error: The sandbox is not in sync with the Podfile.lock. Run 'pod install' or update your CocoaPods installation.\" >&2\n    exit 1\nfi\n# This output is used by Xcode 'outputs' to avoid re-running this script phase.\necho \"SUCCESS\" > \"${SCRIPT_OUTPUT_FILE_0}\"\n";
			showEnvVarsInLog = 0;
		};
		373F63B17EEF362E806FC2CA /* [CP] Check Pods Manifest.lock */ = {
			isa = PBXShellScriptBuildPhase;
			buildActionMask = 2147483647;
			files = (
			);
			inputFileListPaths = (
			);
			inputPaths = (
				"${PODS_PODFILE_DIR_PATH}/Podfile.lock",
				"${PODS_ROOT}/Manifest.lock",
			);
			name = "[CP] Check Pods Manifest.lock";
			outputFileListPaths = (
			);
			outputPaths = (
				"$(DERIVED_FILE_DIR)/Pods-aequilibrium-assessment-ios-aequilibrium-assessment-iosUITests-checkManifestLockResult.txt",
			);
			runOnlyForDeploymentPostprocessing = 0;
			shellPath = /bin/sh;
			shellScript = "diff \"${PODS_PODFILE_DIR_PATH}/Podfile.lock\" \"${PODS_ROOT}/Manifest.lock\" > /dev/null\nif [ $? != 0 ] ; then\n    # print error to STDERR\n    echo \"error: The sandbox is not in sync with the Podfile.lock. Run 'pod install' or update your CocoaPods installation.\" >&2\n    exit 1\nfi\n# This output is used by Xcode 'outputs' to avoid re-running this script phase.\necho \"SUCCESS\" > \"${SCRIPT_OUTPUT_FILE_0}\"\n";
			showEnvVarsInLog = 0;
		};
		69E5B8FDE9D63A33DC50DFD3 /* [CP] Check Pods Manifest.lock */ = {
			isa = PBXShellScriptBuildPhase;
			buildActionMask = 2147483647;
			files = (
			);
			inputFileListPaths = (
			);
			inputPaths = (
				"${PODS_PODFILE_DIR_PATH}/Podfile.lock",
				"${PODS_ROOT}/Manifest.lock",
			);
			name = "[CP] Check Pods Manifest.lock";
			outputFileListPaths = (
			);
			outputPaths = (
				"$(DERIVED_FILE_DIR)/Pods-aequilibrium-assessment-ios-checkManifestLockResult.txt",
			);
			runOnlyForDeploymentPostprocessing = 0;
			shellPath = /bin/sh;
			shellScript = "diff \"${PODS_PODFILE_DIR_PATH}/Podfile.lock\" \"${PODS_ROOT}/Manifest.lock\" > /dev/null\nif [ $? != 0 ] ; then\n    # print error to STDERR\n    echo \"error: The sandbox is not in sync with the Podfile.lock. Run 'pod install' or update your CocoaPods installation.\" >&2\n    exit 1\nfi\n# This output is used by Xcode 'outputs' to avoid re-running this script phase.\necho \"SUCCESS\" > \"${SCRIPT_OUTPUT_FILE_0}\"\n";
			showEnvVarsInLog = 0;
		};
		A8082DA311B88A0157916C1C /* [CP] Embed Pods Frameworks */ = {
			isa = PBXShellScriptBuildPhase;
			buildActionMask = 2147483647;
			files = (
			);
			inputFileListPaths = (
				"${PODS_ROOT}/Target Support Files/Pods-aequilibrium-assessment-ios-aequilibrium-assessment-iosUITests/Pods-aequilibrium-assessment-ios-aequilibrium-assessment-iosUITests-frameworks-${CONFIGURATION}-input-files.xcfilelist",
			);
			name = "[CP] Embed Pods Frameworks";
			outputFileListPaths = (
				"${PODS_ROOT}/Target Support Files/Pods-aequilibrium-assessment-ios-aequilibrium-assessment-iosUITests/Pods-aequilibrium-assessment-ios-aequilibrium-assessment-iosUITests-frameworks-${CONFIGURATION}-output-files.xcfilelist",
			);
			runOnlyForDeploymentPostprocessing = 0;
			shellPath = /bin/sh;
			shellScript = "\"${PODS_ROOT}/Target Support Files/Pods-aequilibrium-assessment-ios-aequilibrium-assessment-iosUITests/Pods-aequilibrium-assessment-ios-aequilibrium-assessment-iosUITests-frameworks.sh\"\n";
			showEnvVarsInLog = 0;
		};
		ECD676F088DC280A69758393 /* [CP] Embed Pods Frameworks */ = {
			isa = PBXShellScriptBuildPhase;
			buildActionMask = 2147483647;
			files = (
			);
			inputFileListPaths = (
				"${PODS_ROOT}/Target Support Files/Pods-aequilibrium-assessment-ios/Pods-aequilibrium-assessment-ios-frameworks-${CONFIGURATION}-input-files.xcfilelist",
			);
			name = "[CP] Embed Pods Frameworks";
			outputFileListPaths = (
				"${PODS_ROOT}/Target Support Files/Pods-aequilibrium-assessment-ios/Pods-aequilibrium-assessment-ios-frameworks-${CONFIGURATION}-output-files.xcfilelist",
			);
			runOnlyForDeploymentPostprocessing = 0;
			shellPath = /bin/sh;
			shellScript = "\"${PODS_ROOT}/Target Support Files/Pods-aequilibrium-assessment-ios/Pods-aequilibrium-assessment-ios-frameworks.sh\"\n";
			showEnvVarsInLog = 0;
		};
/* End PBXShellScriptBuildPhase section */

/* Begin PBXSourcesBuildPhase section */
		746C916D25CD1F430071AD46 /* Sources */ = {
			isa = PBXSourcesBuildPhase;
			buildActionMask = 2147483647;
			files = (
				746C91D225CD39E90071AD46 /* AttributeTableViewCell.swift in Sources */,
				746C921825CDB31F0071AD46 /* Local Storage Manager.swift in Sources */,
				746C91FA25CD5D9F0071AD46 /* TeamTableViewCellViewModel.swift in Sources */,
				749A67E525D2D3B300F8646C /* BaseViewController.swift in Sources */,
				746C91CA25CD39AE0071AD46 /* NameTableViewCell.swift in Sources */,
				746C91F025CD5D870071AD46 /* NameTableViewCellViewModel.swift in Sources */,
				746C920525CDAC800071AD46 /* API Manager.swift in Sources */,
				749B10EA25CE8FEA002B47AE /* TransformerTableViewCellViewModel.swift in Sources */,
				746C91C125CD38720071AD46 /* Constants.swift in Sources */,
				746C917925CD1F430071AD46 /* TransformersViewController.swift in Sources */,
				746DA38925D0296D006E2ED2 /* HeaderTableViewCellViewModel.swift in Sources */,
				746C91DF25CD5B910071AD46 /* BaseTableViewCellViewModel.swift in Sources */,
				749B10FF25CF17CA002B47AE /* FightViewController.swift in Sources */,
				746C91D725CD3A100071AD46 /* TeamTableViewCell.swift in Sources */,
				746C91F525CD5D930071AD46 /* AttributeTableViewCellViewModel.swift in Sources */,
				746C91E425CD5BDA0071AD46 /* HeaderTableViewCell.swift in Sources */,
				744F896F25CFCCC5008CC775 /* Exentions.swift in Sources */,
				74EE91C425CFD87A00FCF91F /* Fight.swift in Sources */,
				749B10E525CE8FD9002B47AE /* TransformerTableViewCell.swift in Sources */,
				746C91BB25CD351D0071AD46 /* TransformerDetailViewController.swift in Sources */,
				746C91FF25CD99080071AD46 /* SubmitTableViewCell.swift in Sources */,
				746C91B325CD30BA0071AD46 /* Transformer.swift in Sources */,
				746C917525CD1F430071AD46 /* AppDelegate.swift in Sources */,
			);
			runOnlyForDeploymentPostprocessing = 0;
		};
		746C918325CD1F480071AD46 /* Sources */ = {
			isa = PBXSourcesBuildPhase;
			buildActionMask = 2147483647;
			files = (
				746C918C25CD1F480071AD46 /* aequilibrium_assessment_iosTests.swift in Sources */,
			);
			runOnlyForDeploymentPostprocessing = 0;
		};
		746C918E25CD1F480071AD46 /* Sources */ = {
			isa = PBXSourcesBuildPhase;
			buildActionMask = 2147483647;
			files = (
				746C919725CD1F480071AD46 /* aequilibrium_assessment_iosUITests.swift in Sources */,
			);
			runOnlyForDeploymentPostprocessing = 0;
		};
		746DA3A225D13575006E2ED2 /* Sources */ = {
			isa = PBXSourcesBuildPhase;
			buildActionMask = 2147483647;
			files = (
				746DA3A925D13575006E2ED2 /* FightTests.swift in Sources */,
			);
			runOnlyForDeploymentPostprocessing = 0;
		};
/* End PBXSourcesBuildPhase section */

/* Begin PBXTargetDependency section */
		746C918925CD1F480071AD46 /* PBXTargetDependency */ = {
			isa = PBXTargetDependency;
			target = 746C917025CD1F430071AD46 /* aequilibrium-assessment-ios */;
			targetProxy = 746C918825CD1F480071AD46 /* PBXContainerItemProxy */;
		};
		746C919425CD1F480071AD46 /* PBXTargetDependency */ = {
			isa = PBXTargetDependency;
			target = 746C917025CD1F430071AD46 /* aequilibrium-assessment-ios */;
			targetProxy = 746C919325CD1F480071AD46 /* PBXContainerItemProxy */;
		};
		746DA3AC25D13575006E2ED2 /* PBXTargetDependency */ = {
			isa = PBXTargetDependency;
			target = 746C917025CD1F430071AD46 /* aequilibrium-assessment-ios */;
			targetProxy = 746DA3AB25D13575006E2ED2 /* PBXContainerItemProxy */;
		};
/* End PBXTargetDependency section */

/* Begin PBXVariantGroup section */
		746C917A25CD1F430071AD46 /* Main.storyboard */ = {
			isa = PBXVariantGroup;
			children = (
				746C917B25CD1F430071AD46 /* Base */,
			);
			name = Main.storyboard;
			sourceTree = "<group>";
		};
		746C917F25CD1F480071AD46 /* LaunchScreen.storyboard */ = {
			isa = PBXVariantGroup;
			children = (
				746C918025CD1F480071AD46 /* Base */,
			);
			name = LaunchScreen.storyboard;
			sourceTree = "<group>";
		};
/* End PBXVariantGroup section */

/* Begin XCBuildConfiguration section */
		746C919925CD1F480071AD46 /* Debug */ = {
			isa = XCBuildConfiguration;
			buildSettings = {
				ALWAYS_SEARCH_USER_PATHS = NO;
				CLANG_ANALYZER_NONNULL = YES;
				CLANG_ANALYZER_NUMBER_OBJECT_CONVERSION = YES_AGGRESSIVE;
				CLANG_CXX_LANGUAGE_STANDARD = "gnu++14";
				CLANG_CXX_LIBRARY = "libc++";
				CLANG_ENABLE_MODULES = YES;
				CLANG_ENABLE_OBJC_ARC = YES;
				CLANG_ENABLE_OBJC_WEAK = YES;
				CLANG_WARN_BLOCK_CAPTURE_AUTORELEASING = YES;
				CLANG_WARN_BOOL_CONVERSION = YES;
				CLANG_WARN_COMMA = YES;
				CLANG_WARN_CONSTANT_CONVERSION = YES;
				CLANG_WARN_DEPRECATED_OBJC_IMPLEMENTATIONS = YES;
				CLANG_WARN_DIRECT_OBJC_ISA_USAGE = YES_ERROR;
				CLANG_WARN_DOCUMENTATION_COMMENTS = YES;
				CLANG_WARN_EMPTY_BODY = YES;
				CLANG_WARN_ENUM_CONVERSION = YES;
				CLANG_WARN_INFINITE_RECURSION = YES;
				CLANG_WARN_INT_CONVERSION = YES;
				CLANG_WARN_NON_LITERAL_NULL_CONVERSION = YES;
				CLANG_WARN_OBJC_IMPLICIT_RETAIN_SELF = YES;
				CLANG_WARN_OBJC_LITERAL_CONVERSION = YES;
				CLANG_WARN_OBJC_ROOT_CLASS = YES_ERROR;
				CLANG_WARN_QUOTED_INCLUDE_IN_FRAMEWORK_HEADER = YES;
				CLANG_WARN_RANGE_LOOP_ANALYSIS = YES;
				CLANG_WARN_STRICT_PROTOTYPES = YES;
				CLANG_WARN_SUSPICIOUS_MOVE = YES;
				CLANG_WARN_UNGUARDED_AVAILABILITY = YES_AGGRESSIVE;
				CLANG_WARN_UNREACHABLE_CODE = YES;
				CLANG_WARN__DUPLICATE_METHOD_MATCH = YES;
				COPY_PHASE_STRIP = NO;
				DEBUG_INFORMATION_FORMAT = dwarf;
				ENABLE_STRICT_OBJC_MSGSEND = YES;
				ENABLE_TESTABILITY = YES;
				GCC_C_LANGUAGE_STANDARD = gnu11;
				GCC_DYNAMIC_NO_PIC = NO;
				GCC_NO_COMMON_BLOCKS = YES;
				GCC_OPTIMIZATION_LEVEL = 0;
				GCC_PREPROCESSOR_DEFINITIONS = (
					"DEBUG=1",
					"$(inherited)",
				);
				GCC_WARN_64_TO_32_BIT_CONVERSION = YES;
				GCC_WARN_ABOUT_RETURN_TYPE = YES_ERROR;
				GCC_WARN_UNDECLARED_SELECTOR = YES;
				GCC_WARN_UNINITIALIZED_AUTOS = YES_AGGRESSIVE;
				GCC_WARN_UNUSED_FUNCTION = YES;
				GCC_WARN_UNUSED_VARIABLE = YES;
				IPHONEOS_DEPLOYMENT_TARGET = 10.0;
				MTL_ENABLE_DEBUG_INFO = INCLUDE_SOURCE;
				MTL_FAST_MATH = YES;
				ONLY_ACTIVE_ARCH = YES;
				SDKROOT = iphoneos;
				SWIFT_ACTIVE_COMPILATION_CONDITIONS = DEBUG;
				SWIFT_OPTIMIZATION_LEVEL = "-Onone";
			};
			name = Debug;
		};
		746C919A25CD1F480071AD46 /* Release */ = {
			isa = XCBuildConfiguration;
			buildSettings = {
				ALWAYS_SEARCH_USER_PATHS = NO;
				CLANG_ANALYZER_NONNULL = YES;
				CLANG_ANALYZER_NUMBER_OBJECT_CONVERSION = YES_AGGRESSIVE;
				CLANG_CXX_LANGUAGE_STANDARD = "gnu++14";
				CLANG_CXX_LIBRARY = "libc++";
				CLANG_ENABLE_MODULES = YES;
				CLANG_ENABLE_OBJC_ARC = YES;
				CLANG_ENABLE_OBJC_WEAK = YES;
				CLANG_WARN_BLOCK_CAPTURE_AUTORELEASING = YES;
				CLANG_WARN_BOOL_CONVERSION = YES;
				CLANG_WARN_COMMA = YES;
				CLANG_WARN_CONSTANT_CONVERSION = YES;
				CLANG_WARN_DEPRECATED_OBJC_IMPLEMENTATIONS = YES;
				CLANG_WARN_DIRECT_OBJC_ISA_USAGE = YES_ERROR;
				CLANG_WARN_DOCUMENTATION_COMMENTS = YES;
				CLANG_WARN_EMPTY_BODY = YES;
				CLANG_WARN_ENUM_CONVERSION = YES;
				CLANG_WARN_INFINITE_RECURSION = YES;
				CLANG_WARN_INT_CONVERSION = YES;
				CLANG_WARN_NON_LITERAL_NULL_CONVERSION = YES;
				CLANG_WARN_OBJC_IMPLICIT_RETAIN_SELF = YES;
				CLANG_WARN_OBJC_LITERAL_CONVERSION = YES;
				CLANG_WARN_OBJC_ROOT_CLASS = YES_ERROR;
				CLANG_WARN_QUOTED_INCLUDE_IN_FRAMEWORK_HEADER = YES;
				CLANG_WARN_RANGE_LOOP_ANALYSIS = YES;
				CLANG_WARN_STRICT_PROTOTYPES = YES;
				CLANG_WARN_SUSPICIOUS_MOVE = YES;
				CLANG_WARN_UNGUARDED_AVAILABILITY = YES_AGGRESSIVE;
				CLANG_WARN_UNREACHABLE_CODE = YES;
				CLANG_WARN__DUPLICATE_METHOD_MATCH = YES;
				COPY_PHASE_STRIP = NO;
				DEBUG_INFORMATION_FORMAT = "dwarf-with-dsym";
				ENABLE_NS_ASSERTIONS = NO;
				ENABLE_STRICT_OBJC_MSGSEND = YES;
				GCC_C_LANGUAGE_STANDARD = gnu11;
				GCC_NO_COMMON_BLOCKS = YES;
				GCC_WARN_64_TO_32_BIT_CONVERSION = YES;
				GCC_WARN_ABOUT_RETURN_TYPE = YES_ERROR;
				GCC_WARN_UNDECLARED_SELECTOR = YES;
				GCC_WARN_UNINITIALIZED_AUTOS = YES_AGGRESSIVE;
				GCC_WARN_UNUSED_FUNCTION = YES;
				GCC_WARN_UNUSED_VARIABLE = YES;
				IPHONEOS_DEPLOYMENT_TARGET = 10.0;
				MTL_ENABLE_DEBUG_INFO = NO;
				MTL_FAST_MATH = YES;
				SDKROOT = iphoneos;
				SWIFT_COMPILATION_MODE = wholemodule;
				SWIFT_OPTIMIZATION_LEVEL = "-O";
				VALIDATE_PRODUCT = YES;
			};
			name = Release;
		};
		746C919C25CD1F480071AD46 /* Debug */ = {
			isa = XCBuildConfiguration;
			baseConfigurationReference = 4B1CA0054F56FB1B4974BB1F /* Pods-aequilibrium-assessment-ios.debug.xcconfig */;
			buildSettings = {
				ASSETCATALOG_COMPILER_APPICON_NAME = AppIcon;
				ASSETCATALOG_COMPILER_GLOBAL_ACCENT_COLOR_NAME = AccentColor;
				CODE_SIGN_STYLE = Automatic;
				DEVELOPMENT_TEAM = 5YDCF7K6B9;
				INFOPLIST_FILE = "aequilibrium-assessment-ios/Info.plist";
				LD_RUNPATH_SEARCH_PATHS = (
					"$(inherited)",
					"@executable_path/Frameworks",
				);
				PRODUCT_BUNDLE_IDENTIFIER = "com.saadware.aequilibrium-assessment-ios";
				PRODUCT_NAME = "$(TARGET_NAME)";
				SWIFT_VERSION = 5.0;
				TARGETED_DEVICE_FAMILY = "1,2";
			};
			name = Debug;
		};
		746C919D25CD1F480071AD46 /* Release */ = {
			isa = XCBuildConfiguration;
			baseConfigurationReference = 7296A432AAE3E49E18CA2A96 /* Pods-aequilibrium-assessment-ios.release.xcconfig */;
			buildSettings = {
				ASSETCATALOG_COMPILER_APPICON_NAME = AppIcon;
				ASSETCATALOG_COMPILER_GLOBAL_ACCENT_COLOR_NAME = AccentColor;
				CODE_SIGN_STYLE = Automatic;
				DEVELOPMENT_TEAM = 5YDCF7K6B9;
				INFOPLIST_FILE = "aequilibrium-assessment-ios/Info.plist";
				LD_RUNPATH_SEARCH_PATHS = (
					"$(inherited)",
					"@executable_path/Frameworks",
				);
				PRODUCT_BUNDLE_IDENTIFIER = "com.saadware.aequilibrium-assessment-ios";
				PRODUCT_NAME = "$(TARGET_NAME)";
				SWIFT_VERSION = 5.0;
				TARGETED_DEVICE_FAMILY = "1,2";
			};
			name = Release;
		};
		746C919F25CD1F480071AD46 /* Debug */ = {
			isa = XCBuildConfiguration;
			baseConfigurationReference = 3E75B0A87C7445F8FE129107 /* Pods-aequilibrium-assessment-iosTests.debug.xcconfig */;
			buildSettings = {
				ALWAYS_EMBED_SWIFT_STANDARD_LIBRARIES = YES;
				BUNDLE_LOADER = "$(TEST_HOST)";
				CODE_SIGN_STYLE = Automatic;
				DEVELOPMENT_TEAM = 5YDCF7K6B9;
				INFOPLIST_FILE = "aequilibrium-assessment-iosTests/Info.plist";
				IPHONEOS_DEPLOYMENT_TARGET = 14.4;
				LD_RUNPATH_SEARCH_PATHS = (
					"$(inherited)",
					"@executable_path/Frameworks",
					"@loader_path/Frameworks",
				);
				PRODUCT_BUNDLE_IDENTIFIER = "com.saadware.aequilibrium-assessment-iosTests";
				PRODUCT_NAME = "$(TARGET_NAME)";
				SWIFT_VERSION = 5.0;
				TARGETED_DEVICE_FAMILY = "1,2";
				TEST_HOST = "$(BUILT_PRODUCTS_DIR)/aequilibrium-assessment-ios.app/aequilibrium-assessment-ios";
			};
			name = Debug;
		};
		746C91A025CD1F480071AD46 /* Release */ = {
			isa = XCBuildConfiguration;
			baseConfigurationReference = 4DD2DD7053F41F223CA1CBB8 /* Pods-aequilibrium-assessment-iosTests.release.xcconfig */;
			buildSettings = {
				ALWAYS_EMBED_SWIFT_STANDARD_LIBRARIES = YES;
				BUNDLE_LOADER = "$(TEST_HOST)";
				CODE_SIGN_STYLE = Automatic;
				DEVELOPMENT_TEAM = 5YDCF7K6B9;
				INFOPLIST_FILE = "aequilibrium-assessment-iosTests/Info.plist";
				IPHONEOS_DEPLOYMENT_TARGET = 14.4;
				LD_RUNPATH_SEARCH_PATHS = (
					"$(inherited)",
					"@executable_path/Frameworks",
					"@loader_path/Frameworks",
				);
				PRODUCT_BUNDLE_IDENTIFIER = "com.saadware.aequilibrium-assessment-iosTests";
				PRODUCT_NAME = "$(TARGET_NAME)";
				SWIFT_VERSION = 5.0;
				TARGETED_DEVICE_FAMILY = "1,2";
				TEST_HOST = "$(BUILT_PRODUCTS_DIR)/aequilibrium-assessment-ios.app/aequilibrium-assessment-ios";
			};
			name = Release;
		};
		746C91A225CD1F480071AD46 /* Debug */ = {
			isa = XCBuildConfiguration;
			baseConfigurationReference = A23F101C3BF744A4AEE46BF9 /* Pods-aequilibrium-assessment-ios-aequilibrium-assessment-iosUITests.debug.xcconfig */;
			buildSettings = {
				ALWAYS_EMBED_SWIFT_STANDARD_LIBRARIES = YES;
				CODE_SIGN_STYLE = Automatic;
				DEVELOPMENT_TEAM = 5YDCF7K6B9;
				INFOPLIST_FILE = "aequilibrium-assessment-iosUITests/Info.plist";
				LD_RUNPATH_SEARCH_PATHS = (
					"$(inherited)",
					"@executable_path/Frameworks",
					"@loader_path/Frameworks",
				);
				PRODUCT_BUNDLE_IDENTIFIER = "com.saadware.aequilibrium-assessment-iosUITests";
				PRODUCT_NAME = "$(TARGET_NAME)";
				SWIFT_VERSION = 5.0;
				TARGETED_DEVICE_FAMILY = "1,2";
				TEST_TARGET_NAME = "aequilibrium-assessment-ios";
			};
			name = Debug;
		};
		746C91A325CD1F480071AD46 /* Release */ = {
			isa = XCBuildConfiguration;
			baseConfigurationReference = 2E9375BD54DE832534A5816D /* Pods-aequilibrium-assessment-ios-aequilibrium-assessment-iosUITests.release.xcconfig */;
			buildSettings = {
				ALWAYS_EMBED_SWIFT_STANDARD_LIBRARIES = YES;
				CODE_SIGN_STYLE = Automatic;
				DEVELOPMENT_TEAM = 5YDCF7K6B9;
				INFOPLIST_FILE = "aequilibrium-assessment-iosUITests/Info.plist";
				LD_RUNPATH_SEARCH_PATHS = (
					"$(inherited)",
					"@executable_path/Frameworks",
					"@loader_path/Frameworks",
				);
				PRODUCT_BUNDLE_IDENTIFIER = "com.saadware.aequilibrium-assessment-iosUITests";
				PRODUCT_NAME = "$(TARGET_NAME)";
				SWIFT_VERSION = 5.0;
				TARGETED_DEVICE_FAMILY = "1,2";
				TEST_TARGET_NAME = "aequilibrium-assessment-ios";
			};
			name = Release;
		};
		746DA3AE25D13575006E2ED2 /* Debug */ = {
			isa = XCBuildConfiguration;
			buildSettings = {
				BUNDLE_LOADER = "$(TEST_HOST)";
				CODE_SIGN_STYLE = Automatic;
				DEVELOPMENT_TEAM = 5YDCF7K6B9;
				INFOPLIST_FILE = FightTests/Info.plist;
				IPHONEOS_DEPLOYMENT_TARGET = 14.4;
				LD_RUNPATH_SEARCH_PATHS = (
					"$(inherited)",
					"@executable_path/Frameworks",
					"@loader_path/Frameworks",
				);
				PRODUCT_BUNDLE_IDENTIFIER = com.saadware.FightTests;
				PRODUCT_NAME = "$(TARGET_NAME)";
				SWIFT_VERSION = 5.0;
				TARGETED_DEVICE_FAMILY = "1,2";
				TEST_HOST = "$(BUILT_PRODUCTS_DIR)/aequilibrium-assessment-ios.app/aequilibrium-assessment-ios";
			};
			name = Debug;
		};
		746DA3AF25D13575006E2ED2 /* Release */ = {
			isa = XCBuildConfiguration;
			buildSettings = {
				BUNDLE_LOADER = "$(TEST_HOST)";
				CODE_SIGN_STYLE = Automatic;
				DEVELOPMENT_TEAM = 5YDCF7K6B9;
				INFOPLIST_FILE = FightTests/Info.plist;
				IPHONEOS_DEPLOYMENT_TARGET = 14.4;
				LD_RUNPATH_SEARCH_PATHS = (
					"$(inherited)",
					"@executable_path/Frameworks",
					"@loader_path/Frameworks",
				);
				PRODUCT_BUNDLE_IDENTIFIER = com.saadware.FightTests;
				PRODUCT_NAME = "$(TARGET_NAME)";
				SWIFT_VERSION = 5.0;
				TARGETED_DEVICE_FAMILY = "1,2";
				TEST_HOST = "$(BUILT_PRODUCTS_DIR)/aequilibrium-assessment-ios.app/aequilibrium-assessment-ios";
			};
			name = Release;
		};
/* End XCBuildConfiguration section */

/* Begin XCConfigurationList section */
		746C916C25CD1F430071AD46 /* Build configuration list for PBXProject "aequilibrium-assessment-ios" */ = {
			isa = XCConfigurationList;
			buildConfigurations = (
				746C919925CD1F480071AD46 /* Debug */,
				746C919A25CD1F480071AD46 /* Release */,
			);
			defaultConfigurationIsVisible = 0;
			defaultConfigurationName = Release;
		};
		746C919B25CD1F480071AD46 /* Build configuration list for PBXNativeTarget "aequilibrium-assessment-ios" */ = {
			isa = XCConfigurationList;
			buildConfigurations = (
				746C919C25CD1F480071AD46 /* Debug */,
				746C919D25CD1F480071AD46 /* Release */,
			);
			defaultConfigurationIsVisible = 0;
			defaultConfigurationName = Release;
		};
		746C919E25CD1F480071AD46 /* Build configuration list for PBXNativeTarget "aequilibrium-assessment-iosTests" */ = {
			isa = XCConfigurationList;
			buildConfigurations = (
				746C919F25CD1F480071AD46 /* Debug */,
				746C91A025CD1F480071AD46 /* Release */,
			);
			defaultConfigurationIsVisible = 0;
			defaultConfigurationName = Release;
		};
		746C91A125CD1F480071AD46 /* Build configuration list for PBXNativeTarget "aequilibrium-assessment-iosUITests" */ = {
			isa = XCConfigurationList;
			buildConfigurations = (
				746C91A225CD1F480071AD46 /* Debug */,
				746C91A325CD1F480071AD46 /* Release */,
			);
			defaultConfigurationIsVisible = 0;
			defaultConfigurationName = Release;
		};
		746DA3AD25D13575006E2ED2 /* Build configuration list for PBXNativeTarget "FightTests" */ = {
			isa = XCConfigurationList;
			buildConfigurations = (
				746DA3AE25D13575006E2ED2 /* Debug */,
				746DA3AF25D13575006E2ED2 /* Release */,
			);
			defaultConfigurationIsVisible = 0;
			defaultConfigurationName = Release;
		};
/* End XCConfigurationList section */
	};
	rootObject = 746C916925CD1F430071AD46 /* Project object */;
}
